# THIS IS AN AUTOGENERATED FILE. DO NOT EDIT THIS FILE DIRECTLY.
# yarn lockfile v1


"@composer-asset/yiisoft--assets@file:./vendor/foxy/composer-asset/yiisoft/assets":
  version "1.0.0"

"@composer-asset/yiisoft--yii-bulma@file:./vendor/foxy/composer-asset/yiisoft/yii-bulma":
  version "1.0.0"
  dependencies:
    "@vizuaalog/bulmajs" "^0.11.0"
    bulma "^0.8.2"
    bulma-helpers "^0.3.11"

"@vizuaalog/bulmajs@^0.11.0":
  version "0.11.0"
  resolved "https://registry.npm.taobao.org/@vizuaalog/bulmajs/download/@vizuaalog/bulmajs-0.11.0.tgz#4da8df7e5840e9f069a89f0223c8b8f55d4c1ec8"
  integrity sha1-TajfflhA6fBpqJ8CI8i49V1MHsg=

bulma-helpers@^0.3.11:
  version "0.3.12"
  resolved "https://registry.npm.taobao.org/bulma-helpers/download/bulma-helpers-0.3.12.tgz#ffdc68eb35aa926bd6e53c0a8b52124b84f5e980"
  integrity sha1-/9xo6zWqkmvW5TwKi1ISS4T16YA=

bulma@^0.8.2:
  version "0.8.2"
  resolved "https://registry.npm.taobao.org/bulma/download/bulma-0.8.2.tgz#5d928f16ed4a84549c2873f95c92c38c69c631a7"
  integrity sha1-XZKPFu1KhFScKHP5XJLDjGnGMac=
